
Microsoft Visual Studio Solution File, Format Version 12.00
# Visual Studio Version 16
VisualStudioVersion = 16.0.30204.135
MinimumVisualStudioVersion = 10.0.40219.1
Project("{FAE04EC0-301F-11D3-BF4B-00C04F79EFBC}") = "GreenVersusRed", "GreenVersusRed\GreenVersusRed.csproj", "{340D261A-1943-47E7-8838-95A10533D503}"
EndProject
Global
	GlobalSection(SolutionConfigurationPlatforms) = preSolution
		Debug|Any CPU = Debug|Any CPU
		Release|Any CPU = Release|Any CPU
	EndGlobalSection
	GlobalSection(ProjectConfigurationPlatforms) = postSolution
		{340D261A-1943-47E7-8838-95A10533D503}.Debug|Any CPU.ActiveCfg = Debug|Any CPU
		{340D261A-1943-47E7-8838-95A10533D503}.Debug|Any CPU.Build.0 = Debug|Any CPU
		{340D261A-1943-47E7-8838-95A10533D503}.Release|Any CPU.ActiveCfg = Release|Any CPU
		{340D261A-1943-47E7-8838-95A10533D503}.Release|Any CPU.Build.0 = Release|Any CPU
	EndGlobalSection
	GlobalSection(SolutionProperties) = preSolution
		HideSolutionNode = FALSE
	EndGlobalSection
	GlobalSection(ExtensibilityGlobals) = postSolution
		SolutionGuid = {10D26829-B5F6-4E0A-8E9B-CFE1197A4527}
	EndGlobalSection
EndGlobal
